// !$*UTF8*$!
{
	archiveVersion = 1;
	classes = {
	};
	objectVersion = 56;
	objects = {

/* Begin PBXBuildFile section */
		3A61DDF62B5FB24A006EFB6A /* ContentView.swift in Sources */ = {isa = PBXBuildFile; fileRef = 3A61DDF52B5FB24A006EFB6A /* ContentView.swift */; };
		3A61DDF82B5FB278006EFB6A /* Assets.xcassets in Resources */ = {isa = PBXBuildFile; fileRef = 3A61DDF72B5FB278006EFB6A /* Assets.xcassets */; };
		3A61DDFB2B5FB278006EFB6A /* Preview Assets.xcassets in Resources */ = {isa = PBXBuildFile; fileRef = 3A61DDFA2B5FB278006EFB6A /* Preview Assets.xcassets */; };
		3A61DE022B5FC00D006EFB6A /* Coordinator.swift in Sources */ = {isa = PBXBuildFile; fileRef = 3A61DE012B5FC00D006EFB6A /* Coordinator.swift */; };
		3A61DE042B5FC062006EFB6A /* MainCoordinator.swift in Sources */ = {isa = PBXBuildFile; fileRef = 3A61DE032B5FC062006EFB6A /* MainCoordinator.swift */; };
		3A61DE062B5FC077006EFB6A /* NavigationContext.swift in Sources */ = {isa = PBXBuildFile; fileRef = 3A61DE052B5FC077006EFB6A /* NavigationContext.swift */; };
		3A61DE082B5FC1B4006EFB6A /* AppNavController.swift in Sources */ = {isa = PBXBuildFile; fileRef = 3A61DE072B5FC1B4006EFB6A /* AppNavController.swift */; };
		3A61DE0A2B5FC4E1006EFB6A /* DashboardView.swift in Sources */ = {isa = PBXBuildFile; fileRef = 3A61DE092B5FC4E1006EFB6A /* DashboardView.swift */; };
		3A61DE0C2B5FC541006EFB6A /* LoginView.swift in Sources */ = {isa = PBXBuildFile; fileRef = 3A61DE0B2B5FC541006EFB6A /* LoginView.swift */; };
		3A61DE0E2B5FC6CD006EFB6A /* AppDelegate.swift in Sources */ = {isa = PBXBuildFile; fileRef = 3A61DE0D2B5FC6CD006EFB6A /* AppDelegate.swift */; };
		3A61DE402B5FE625006EFB6A /* SceneDelegate.swift in Sources */ = {isa = PBXBuildFile; fileRef = 3A61DE3F2B5FE625006EFB6A /* SceneDelegate.swift */; };
		3A61DE422B5FE821006EFB6A /* LoginState.swift in Sources */ = {isa = PBXBuildFile; fileRef = 3A61DE412B5FE821006EFB6A /* LoginState.swift */; };
		3A61DE442B613B95006EFB6A /* CoordinatorNavigationApp.swift in Sources */ = {isa = PBXBuildFile; fileRef = 3A61DE432B613B95006EFB6A /* CoordinatorNavigationApp.swift */; };
		3A61DE472B61415C006EFB6A /* Router.swift in Sources */ = {isa = PBXBuildFile; fileRef = 3A61DE462B61415C006EFB6A /* Router.swift */; };
		3A61DE492B6141AF006EFB6A /* Routable.swift in Sources */ = {isa = PBXBuildFile; fileRef = 3A61DE482B6141AF006EFB6A /* Routable.swift */; };
		3A61DE4B2B614243006EFB6A /* RoutingView.swift in Sources */ = {isa = PBXBuildFile; fileRef = 3A61DE4A2B614243006EFB6A /* RoutingView.swift */; };
/* End PBXBuildFile section */

/* Begin PBXFileReference section */
		3A61DDF02B5FB24A006EFB6A /* CoordinatorNavigationInSwiftUI.app */ = {isa = PBXFileReference; explicitFileType = wrapper.application; includeInIndex = 0; path = CoordinatorNavigationInSwiftUI.app; sourceTree = BUILT_PRODUCTS_DIR; };
		3A61DDF52B5FB24A006EFB6A /* ContentView.swift */ = {isa = PBXFileReference; lastKnownFileType = sourcecode.swift; path = ContentView.swift; sourceTree = "<group>"; };
		3A61DDF72B5FB278006EFB6A /* Assets.xcassets */ = {isa = PBXFileReference; lastKnownFileType = folder.assetcatalog; path = Assets.xcassets; sourceTree = "<group>"; };
		3A61DDFA2B5FB278006EFB6A /* Preview Assets.xcassets */ = {isa = PBXFileReference; lastKnownFileType = folder.assetcatalog; path = "Preview Assets.xcassets"; sourceTree = "<group>"; };
		3A61DE012B5FC00D006EFB6A /* Coordinator.swift */ = {isa = PBXFileReference; lastKnownFileType = sourcecode.swift; path = Coordinator.swift; sourceTree = "<group>"; };
		3A61DE032B5FC062006EFB6A /* MainCoordinator.swift */ = {isa = PBXFileReference; lastKnownFileType = sourcecode.swift; path = MainCoordinator.swift; sourceTree = "<group>"; };
		3A61DE052B5FC077006EFB6A /* NavigationContext.swift */ = {isa = PBXFileReference; lastKnownFileType = sourcecode.swift; path = NavigationContext.swift; sourceTree = "<group>"; };
		3A61DE072B5FC1B4006EFB6A /* AppNavController.swift */ = {isa = PBXFileReference; lastKnownFileType = sourcecode.swift; path = AppNavController.swift; sourceTree = "<group>"; };
		3A61DE092B5FC4E1006EFB6A /* DashboardView.swift */ = {isa = PBXFileReference; lastKnownFileType = sourcecode.swift; path = DashboardView.swift; sourceTree = "<group>"; };
		3A61DE0B2B5FC541006EFB6A /* LoginView.swift */ = {isa = PBXFileReference; lastKnownFileType = sourcecode.swift; path = LoginView.swift; sourceTree = "<group>"; };
		3A61DE0D2B5FC6CD006EFB6A /* AppDelegate.swift */ = {isa = PBXFileReference; lastKnownFileType = sourcecode.swift; path = AppDelegate.swift; sourceTree = "<group>"; };
		3A61DE3F2B5FE625006EFB6A /* SceneDelegate.swift */ = {isa = PBXFileReference; lastKnownFileType = sourcecode.swift; path = SceneDelegate.swift; sourceTree = "<group>"; };
		3A61DE412B5FE821006EFB6A /* LoginState.swift */ = {isa = PBXFileReference; lastKnownFileType = sourcecode.swift; path = LoginState.swift; sourceTree = "<group>"; };
		3A61DE432B613B95006EFB6A /* CoordinatorNavigationApp.swift */ = {isa = PBXFileReference; lastKnownFileType = sourcecode.swift; path = CoordinatorNavigationApp.swift; sourceTree = "<group>"; };
		3A61DE462B61415C006EFB6A /* Router.swift */ = {isa = PBXFileReference; lastKnownFileType = sourcecode.swift; path = Router.swift; sourceTree = "<group>"; };
		3A61DE482B6141AF006EFB6A /* Routable.swift */ = {isa = PBXFileReference; lastKnownFileType = sourcecode.swift; path = Routable.swift; sourceTree = "<group>"; };
		3A61DE4A2B614243006EFB6A /* RoutingView.swift */ = {isa = PBXFileReference; lastKnownFileType = sourcecode.swift; path = RoutingView.swift; sourceTree = "<group>"; };
/* End PBXFileReference section */

/* Begin PBXFrameworksBuildPhase section */
		3A61DDED2B5FB24A006EFB6A /* Frameworks */ = {
			isa = PBXFrameworksBuildPhase;
			buildActionMask = 2147483647;
			files = (
			);
			runOnlyForDeploymentPostprocessing = 0;
		};
/* End PBXFrameworksBuildPhase section */

/* Begin PBXGroup section */
		3A61DDE72B5FB24A006EFB6A = {
			isa = PBXGroup;
			children = (
				3A61DE452B61413B006EFB6A /* Route */,
				3A61DDF22B5FB24A006EFB6A /* CoordinatorNavigationInSwiftUI */,
				3A61DDF12B5FB24A006EFB6A /* Products */,
			);
			sourceTree = "<group>";
		};
		3A61DDF12B5FB24A006EFB6A /* Products */ = {
			isa = PBXGroup;
			children = (
				3A61DDF02B5FB24A006EFB6A /* CoordinatorNavigationInSwiftUI.app */,
			);
			name = Products;
			sourceTree = "<group>";
		};
		3A61DDF22B5FB24A006EFB6A /* CoordinatorNavigationInSwiftUI */ = {
			isa = PBXGroup;
			children = (
				3A61DDF52B5FB24A006EFB6A /* ContentView.swift */,
				3A61DDF72B5FB278006EFB6A /* Assets.xcassets */,
				3A61DDF92B5FB278006EFB6A /* Preview Content */,
				3A61DE012B5FC00D006EFB6A /* Coordinator.swift */,
				3A61DE032B5FC062006EFB6A /* MainCoordinator.swift */,
				3A61DE052B5FC077006EFB6A /* NavigationContext.swift */,
				3A61DE072B5FC1B4006EFB6A /* AppNavController.swift */,
				3A61DE092B5FC4E1006EFB6A /* DashboardView.swift */,
				3A61DE0B2B5FC541006EFB6A /* LoginView.swift */,
				3A61DE0D2B5FC6CD006EFB6A /* AppDelegate.swift */,
				3A61DE3F2B5FE625006EFB6A /* SceneDelegate.swift */,
				3A61DE412B5FE821006EFB6A /* LoginState.swift */,
				3A61DE432B613B95006EFB6A /* CoordinatorNavigationApp.swift */,
			);
			path = CoordinatorNavigationInSwiftUI;
			sourceTree = "<group>";
		};
		3A61DDF92B5FB278006EFB6A /* Preview Content */ = {
			isa = PBXGroup;
			children = (
				3A61DDFA2B5FB278006EFB6A /* Preview Assets.xcassets */,
			);
			path = "Preview Content";
			sourceTree = "<group>";
		};
		3A61DE452B61413B006EFB6A /* Route */ = {
			isa = PBXGroup;
			children = (
				3A61DE462B61415C006EFB6A /* Router.swift */,
				3A61DE482B6141AF006EFB6A /* Routable.swift */,
				3A61DE4A2B614243006EFB6A /* RoutingView.swift */,
			);
			path = Route;
			sourceTree = "<group>";
		};
/* End PBXGroup section */

/* Begin PBXNativeTarget section */
		3A61DDEF2B5FB24A006EFB6A /* CoordinatorNavigationInSwiftUI */ = {
			isa = PBXNativeTarget;
			buildConfigurationList = 3A61DDFE2B5FB278006EFB6A /* Build configuration list for PBXNativeTarget "CoordinatorNavigationInSwiftUI" */;
			buildPhases = (
				3A61DDEC2B5FB24A006EFB6A /* Sources */,
				3A61DDED2B5FB24A006EFB6A /* Frameworks */,
				3A61DDEE2B5FB24A006EFB6A /* Resources */,
			);
			buildRules = (
			);
			dependencies = (
			);
			name = CoordinatorNavigationInSwiftUI;
			productName = CoordinatorNavigationInSwiftUI;
			productReference = 3A61DDF02B5FB24A006EFB6A /* CoordinatorNavigationInSwiftUI.app */;
			productType = "com.apple.product-type.application";
		};
/* End PBXNativeTarget section */

/* Begin PBXProject section */
		3A61DDE82B5FB24A006EFB6A /* Project object */ = {
			isa = PBXProject;
			attributes = {
				BuildIndependentTargetsInParallel = 1;
				LastSwiftUpdateCheck = 1410;
				LastUpgradeCheck = 1410;
				TargetAttributes = {
					3A61DDEF2B5FB24A006EFB6A = {
						CreatedOnToolsVersion = 14.1;
					};
				};
			};
			buildConfigurationList = 3A61DDEB2B5FB24A006EFB6A /* Build configuration list for PBXProject "CoordinatorNavigationInSwiftUI" */;
			compatibilityVersion = "Xcode 14.0";
			developmentRegion = en;
			hasScannedForEncodings = 0;
			knownRegions = (
				en,
				Base,
			);
			mainGroup = 3A61DDE72B5FB24A006EFB6A;
			productRefGroup = 3A61DDF12B5FB24A006EFB6A /* Products */;
			projectDirPath = "";
			projectRoot = "";
			targets = (
				3A61DDEF2B5FB24A006EFB6A /* CoordinatorNavigationInSwiftUI */,
			);
		};
/* End PBXProject section */

/* Begin PBXResourcesBuildPhase section */
		3A61DDEE2B5FB24A006EFB6A /* Resources */ = {
			isa = PBXResourcesBuildPhase;
			buildActionMask = 2147483647;
			files = (
				3A61DDFB2B5FB278006EFB6A /* Preview Assets.xcassets in Resources */,
				3A61DDF82B5FB278006EFB6A /* Assets.xcassets in Resources */,
			);
			runOnlyForDeploymentPostprocessing = 0;
		};
/* End PBXResourcesBuildPhase section */

/* Begin PBXSourcesBuildPhase section */
		3A61DDEC2B5FB24A006EFB6A /* Sources */ = {
			isa = PBXSourcesBuildPhase;
			buildActionMask = 2147483647;
			files = (
				3A61DDF62B5FB24A006EFB6A /* ContentView.swift in Sources */,
				3A61DE4B2B614243006EFB6A /* RoutingView.swift in Sources */,
				3A61DE062B5FC077006EFB6A /* NavigationContext.swift in Sources */,
				3A61DE492B6141AF006EFB6A /* Routable.swift in Sources */,
				3A61DE042B5FC062006EFB6A /* MainCoordinator.swift in Sources */,
				3A61DE0E2B5FC6CD006EFB6A /* AppDelegate.swift in Sources */,
				3A61DE472B61415C006EFB6A /* Router.swift in Sources */,
				3A61DE0A2B5FC4E1006EFB6A /* DashboardView.swift in Sources */,
				3A61DE422B5FE821006EFB6A /* LoginState.swift in Sources */,
				3A61DE402B5FE625006EFB6A /* SceneDelegate.swift in Sources */,
				3A61DE442B613B95006EFB6A /* CoordinatorNavigationApp.swift in Sources */,
				3A61DE022B5FC00D006EFB6A /* Coordinator.swift in Sources */,
				3A61DE0C2B5FC541006EFB6A /* LoginView.swift in Sources */,
				3A61DE082B5FC1B4006EFB6A /* AppNavController.swift in Sources */,
			);
			runOnlyForDeploymentPostprocessing = 0;
		};
/* End PBXSourcesBuildPhase section */

/* Begin XCBuildConfiguration section */
		3A61DDFC2B5FB278006EFB6A /* Debug */ = {
			isa = XCBuildConfiguration;
			buildSettings = {
				ALWAYS_SEARCH_USER_PATHS = NO;
				CLANG_ANALYZER_NONNULL = YES;
				CLANG_ANALYZER_NUMBER_OBJECT_CONVERSION = YES_AGGRESSIVE;
				CLANG_CXX_LANGUAGE_STANDARD = "gnu++20";
				CLANG_ENABLE_MODULES = YES;
				CLANG_ENABLE_OBJC_ARC = YES;
				CLANG_ENABLE_OBJC_WEAK = YES;
				CLANG_WARN_BLOCK_CAPTURE_AUTORELEASING = YES;
				CLANG_WARN_BOOL_CONVERSION = YES;
				CLANG_WARN_COMMA = YES;
				CLANG_WARN_CONSTANT_CONVERSION = YES;
				CLANG_WARN_DEPRECATED_OBJC_IMPLEMENTATIONS = YES;
				CLANG_WARN_DIRECT_OBJC_ISA_USAGE = YES_ERROR;
				CLANG_WARN_DOCUMENTATION_COMMENTS = YES;
				CLANG_WARN_EMPTY_BODY = YES;
				CLANG_WARN_ENUM_CONVERSION = YES;
				CLANG_WARN_INFINITE_RECURSION = YES;
				CLANG_WARN_INT_CONVERSION = YES;
				CLANG_WARN_NON_LITERAL_NULL_CONVERSION = YES;
				CLANG_WARN_OBJC_IMPLICIT_RETAIN_SELF = YES;
				CLANG_WARN_OBJC_LITERAL_CONVERSION = YES;
				CLANG_WARN_OBJC_ROOT_CLASS = YES_ERROR;
				CLANG_WARN_QUOTED_INCLUDE_IN_FRAMEWORK_HEADER = YES;
				CLANG_WARN_RANGE_LOOP_ANALYSIS = YES;
				CLANG_WARN_STRICT_PROTOTYPES = YES;
				CLANG_WARN_SUSPICIOUS_MOVE = YES;
				CLANG_WARN_UNGUARDED_AVAILABILITY = YES_AGGRESSIVE;
				CLANG_WARN_UNREACHABLE_CODE = YES;
				CLANG_WARN__DUPLICATE_METHOD_MATCH = YES;
				COPY_PHASE_STRIP = NO;
				DEBUG_INFORMATION_FORMAT = dwarf;
				ENABLE_STRICT_OBJC_MSGSEND = YES;
				ENABLE_TESTABILITY = YES;
				GCC_C_LANGUAGE_STANDARD = gnu11;
				GCC_DYNAMIC_NO_PIC = NO;
				GCC_NO_COMMON_BLOCKS = YES;
				GCC_OPTIMIZATION_LEVEL = 0;
				GCC_PREPROCESSOR_DEFINITIONS = (
					"DEBUG=1",
					"$(inherited)",
				);
				GCC_WARN_64_TO_32_BIT_CONVERSION = YES;
				GCC_WARN_ABOUT_RETURN_TYPE = YES_ERROR;
				GCC_WARN_UNDECLARED_SELECTOR = YES;
				GCC_WARN_UNINITIALIZED_AUTOS = YES_AGGRESSIVE;
				GCC_WARN_UNUSED_FUNCTION = YES;
				GCC_WARN_UNUSED_VARIABLE = YES;
				IPHONEOS_DEPLOYMENT_TARGET = 16.1;
				MTL_ENABLE_DEBUG_INFO = INCLUDE_SOURCE;
				MTL_FAST_MATH = YES;
				ONLY_ACTIVE_ARCH = YES;
				SDKROOT = iphoneos;
				SWIFT_ACTIVE_COMPILATION_CONDITIONS = DEBUG;
				SWIFT_OPTIMIZATION_LEVEL = "-Onone";
			};
			name = Debug;
		};
		3A61DDFD2B5FB278006EFB6A /* Release */ = {
			isa = XCBuildConfiguration;
			buildSettings = {
				ALWAYS_SEARCH_USER_PATHS = NO;
				CLANG_ANALYZER_NONNULL = YES;
				CLANG_ANALYZER_NUMBER_OBJECT_CONVERSION = YES_AGGRESSIVE;
				CLANG_CXX_LANGUAGE_STANDARD = "gnu++20";
				CLANG_ENABLE_MODULES = YES;
				CLANG_ENABLE_OBJC_ARC = YES;
				CLANG_ENABLE_OBJC_WEAK = YES;
				CLANG_WARN_BLOCK_CAPTURE_AUTORELEASING = YES;
				CLANG_WARN_BOOL_CONVERSION = YES;
				CLANG_WARN_COMMA = YES;
				CLANG_WARN_CONSTANT_CONVERSION = YES;
				CLANG_WARN_DEPRECATED_OBJC_IMPLEMENTATIONS = YES;
				CLANG_WARN_DIRECT_OBJC_ISA_USAGE = YES_ERROR;
				CLANG_WARN_DOCUMENTATION_COMMENTS = YES;
				CLANG_WARN_EMPTY_BODY = YES;
				CLANG_WARN_ENUM_CONVERSION = YES;
				CLANG_WARN_INFINITE_RECURSION = YES;
				CLANG_WARN_INT_CONVERSION = YES;
				CLANG_WARN_NON_LITERAL_NULL_CONVERSION = YES;
				CLANG_WARN_OBJC_IMPLICIT_RETAIN_SELF = YES;
				CLANG_WARN_OBJC_LITERAL_CONVERSION = YES;
				CLANG_WARN_OBJC_ROOT_CLASS = YES_ERROR;
				CLANG_WARN_QUOTED_INCLUDE_IN_FRAMEWORK_HEADER = YES;
				CLANG_WARN_RANGE_LOOP_ANALYSIS = YES;
				CLANG_WARN_STRICT_PROTOTYPES = YES;
				CLANG_WARN_SUSPICIOUS_MOVE = YES;
				CLANG_WARN_UNGUARDED_AVAILABILITY = YES_AGGRESSIVE;
				CLANG_WARN_UNREACHABLE_CODE = YES;
				CLANG_WARN__DUPLICATE_METHOD_MATCH = YES;
				COPY_PHASE_STRIP = NO;
				DEBUG_INFORMATION_FORMAT = "dwarf-with-dsym";
				ENABLE_NS_ASSERTIONS = NO;
				ENABLE_STRICT_OBJC_MSGSEND = YES;
				GCC_C_LANGUAGE_STANDARD = gnu11;
				GCC_NO_COMMON_BLOCKS = YES;
				GCC_WARN_64_TO_32_BIT_CONVERSION = YES;
				GCC_WARN_ABOUT_RETURN_TYPE = YES_ERROR;
				GCC_WARN_UNDECLARED_SELECTOR = YES;
				GCC_WARN_UNINITIALIZED_AUTOS = YES_AGGRESSIVE;
				GCC_WARN_UNUSED_FUNCTION = YES;
				GCC_WARN_UNUSED_VARIABLE = YES;
				IPHONEOS_DEPLOYMENT_TARGET = 16.1;
				MTL_ENABLE_DEBUG_INFO = NO;
				MTL_FAST_MATH = YES;
				SDKROOT = iphoneos;
				SWIFT_COMPILATION_MODE = wholemodule;
				SWIFT_OPTIMIZATION_LEVEL = "-O";
				VALIDATE_PRODUCT = YES;
			};
			name = Release;
		};
		3A61DDFF2B5FB278006EFB6A /* Debug */ = {
			isa = XCBuildConfiguration;
			buildSettings = {
				ASSETCATALOG_COMPILER_APPICON_NAME = AppIcon;
				ASSETCATALOG_COMPILER_GLOBAL_ACCENT_COLOR_NAME = AccentColor;
				CODE_SIGN_STYLE = Automatic;
				CURRENT_PROJECT_VERSION = 1;
				DEVELOPMENT_ASSET_PATHS = "\"CoordinatorNavigationInSwiftUI/Preview Content\"";
				DEVELOPMENT_TEAM = TPM3F8Q29D;
				ENABLE_PREVIEWS = YES;
				GENERATE_INFOPLIST_FILE = YES;
				INFOPLIST_KEY_UIApplicationSceneManifest_Generation = YES;
				INFOPLIST_KEY_UIApplicationSupportsIndirectInputEvents = YES;
				INFOPLIST_KEY_UILaunchScreen_Generation = YES;
				INFOPLIST_KEY_UISupportedInterfaceOrientations_iPad = "UIInterfaceOrientationPortrait UIInterfaceOrientationPortraitUpsideDown UIInterfaceOrientationLandscapeLeft UIInterfaceOrientationLandscapeRight";
				INFOPLIST_KEY_UISupportedInterfaceOrientations_iPhone = "UIInterfaceOrientationPortrait UIInterfaceOrientationLandscapeLeft UIInterfaceOrientationLandscapeRight";
				LD_RUNPATH_SEARCH_PATHS = (
					"$(inherited)",
					"@executable_path/Frameworks",
				);
				MARKETING_VERSION = 1.0;
				PRODUCT_BUNDLE_IDENTIFIER = com.inan.dev.CoordinatorNavigationInSwiftUI;
				PRODUCT_NAME = "$(TARGET_NAME)";
				SWIFT_EMIT_LOC_STRINGS = YES;
				SWIFT_VERSION = 5.0;
				TARGETED_DEVICE_FAMILY = "1,2";
			};
			name = Debug;
		};
		3A61DE002B5FB278006EFB6A /* Release */ = {
			isa = XCBuildConfiguration;
			buildSettings = {
				ASSETCATALOG_COMPILER_APPICON_NAME = AppIcon;
				ASSETCATALOG_COMPILER_GLOBAL_ACCENT_COLOR_NAME = AccentColor;
				CODE_SIGN_STYLE = Automatic;
				CURRENT_PROJECT_VERSION = 1;
				DEVELOPMENT_ASSET_PATHS = "\"CoordinatorNavigationInSwiftUI/Preview Content\"";
				DEVELOPMENT_TEAM = TPM3F8Q29D;
				ENABLE_PREVIEWS = YES;
				GENERATE_INFOPLIST_FILE = YES;
				INFOPLIST_KEY_UIApplicationSceneManifest_Generation = YES;
				INFOPLIST_KEY_UIApplicationSupportsIndirectInputEvents = YES;
				INFOPLIST_KEY_UILaunchScreen_Generation = YES;
				INFOPLIST_KEY_UISupportedInterfaceOrientations_iPad = "UIInterfaceOrientationPortrait UIInterfaceOrientationPortraitUpsideDown UIInterfaceOrientationLandscapeLeft UIInterfaceOrientationLandscapeRight";
				INFOPLIST_KEY_UISupportedInterfaceOrientations_iPhone = "UIInterfaceOrientationPortrait UIInterfaceOrientationLandscapeLeft UIInterfaceOrientationLandscapeRight";
				LD_RUNPATH_SEARCH_PATHS = (
					"$(inherited)",
					"@executable_path/Frameworks",
				);
				MARKETING_VERSION = 1.0;
				PRODUCT_BUNDLE_IDENTIFIER = com.inan.dev.CoordinatorNavigationInSwiftUI;
				PRODUCT_NAME = "$(TARGET_NAME)";
				SWIFT_EMIT_LOC_STRINGS = YES;
				SWIFT_VERSION = 5.0;
				TARGETED_DEVICE_FAMILY = "1,2";
			};
			name = Release;
		};
/* End XCBuildConfiguration section */

/* Begin XCConfigurationList section */
		3A61DDEB2B5FB24A006EFB6A /* Build configuration list for PBXProject "CoordinatorNavigationInSwiftUI" */ = {
			isa = XCConfigurationList;
			buildConfigurations = (
				3A61DDFC2B5FB278006EFB6A /* Debug */,
				3A61DDFD2B5FB278006EFB6A /* Release */,
			);
			defaultConfigurationIsVisible = 0;
			defaultConfigurationName = Release;
		};
		3A61DDFE2B5FB278006EFB6A /* Build configuration list for PBXNativeTarget "CoordinatorNavigationInSwiftUI" */ = {
			isa = XCConfigurationList;
			buildConfigurations = (
				3A61DDFF2B5FB278006EFB6A /* Debug */,
				3A61DE002B5FB278006EFB6A /* Release */,
			);
			defaultConfigurationIsVisible = 0;
			defaultConfigurationName = Release;
		};
/* End XCConfigurationList section */
	};
	rootObject = 3A61DDE82B5FB24A006EFB6A /* Project object */;
}
